
Microsoft Visual Studio Solution File, Format Version 12.00
# Visual Studio Version 16
VisualStudioVersion = 16.0.31005.135
MinimumVisualStudioVersion = 10.0.40219.1
Project("{9A19103F-16F7-4668-BE54-9A1E7A4F7556}") = "gRPCmodule", "gRPCmodule\gRPCmodule.csproj", "{FFD27C65-7866-4867-8562-DE2292276C2B}"
EndProject
Project("{9A19103F-16F7-4668-BE54-9A1E7A4F7556}") = "TestingDataProcessor", "TestingDataProcessor\TestingDataProcessor.csproj", "{B68AD491-5B56-417B-A891-800D8C85319B}"
EndProject
Project("{9A19103F-16F7-4668-BE54-9A1E7A4F7556}") = "TestindDataClient", "TestindDataClient\TestindDataClient.csproj", "{8A67960A-AE12-4CE2-8192-606926992E5C}"
EndProject
Project("{FAE04EC0-301F-11D3-BF4B-00C04F79EFBC}") = "TestingDataWPF", "TestingDataWPF\TestingDataWPF.csproj", "{371A2465-B80A-4A72-B269-76C2C75A54AE}"
EndProject
Global
	GlobalSection(SolutionConfigurationPlatforms) = preSolution
		Debug|Any CPU = Debug|Any CPU
		Release|Any CPU = Release|Any CPU
	EndGlobalSection
	GlobalSection(ProjectConfigurationPlatforms) = postSolution
		{FFD27C65-7866-4867-8562-DE2292276C2B}.Debug|Any CPU.ActiveCfg = Debug|Any CPU
		{FFD27C65-7866-4867-8562-DE2292276C2B}.Debug|Any CPU.Build.0 = Debug|Any CPU
		{FFD27C65-7866-4867-8562-DE2292276C2B}.Release|Any CPU.ActiveCfg = Release|Any CPU
		{FFD27C65-7866-4867-8562-DE2292276C2B}.Release|Any CPU.Build.0 = Release|Any CPU
		{B68AD491-5B56-417B-A891-800D8C85319B}.Debug|Any CPU.ActiveCfg = Debug|Any CPU
		{B68AD491-5B56-417B-A891-800D8C85319B}.Debug|Any CPU.Build.0 = Debug|Any CPU
		{B68AD491-5B56-417B-A891-800D8C85319B}.Release|Any CPU.ActiveCfg = Release|Any CPU
		{B68AD491-5B56-417B-A891-800D8C85319B}.Release|Any CPU.Build.0 = Release|Any CPU
		{8A67960A-AE12-4CE2-8192-606926992E5C}.Debug|Any CPU.ActiveCfg = Debug|Any CPU
		{8A67960A-AE12-4CE2-8192-606926992E5C}.Debug|Any CPU.Build.0 = Debug|Any CPU
		{8A67960A-AE12-4CE2-8192-606926992E5C}.Release|Any CPU.ActiveCfg = Release|Any CPU
		{8A67960A-AE12-4CE2-8192-606926992E5C}.Release|Any CPU.Build.0 = Release|Any CPU
		{371A2465-B80A-4A72-B269-76C2C75A54AE}.Debug|Any CPU.ActiveCfg = Debug|Any CPU
		{371A2465-B80A-4A72-B269-76C2C75A54AE}.Debug|Any CPU.Build.0 = Debug|Any CPU
		{371A2465-B80A-4A72-B269-76C2C75A54AE}.Release|Any CPU.ActiveCfg = Release|Any CPU
		{371A2465-B80A-4A72-B269-76C2C75A54AE}.Release|Any CPU.Build.0 = Release|Any CPU
	EndGlobalSection
	GlobalSection(SolutionProperties) = preSolution
		HideSolutionNode = FALSE
	EndGlobalSection
	GlobalSection(ExtensibilityGlobals) = postSolution
		SolutionGuid = {E0BCECF5-D571-4CA7-A486-E011E81080DD}
	EndGlobalSection
EndGlobal
